
Microsoft Visual Studio Solution File, Format Version 12.00
# Visual Studio Version 16
VisualStudioVersion = 16.0.30907.101
MinimumVisualStudioVersion = 10.0.40219.1
Project("{9A19103F-16F7-4668-BE54-9A1E7A4F7556}") = "IdentityServer4Demo", "IdentityServer4Demo\IdentityServer4Demo.csproj", "{CE76A1F5-96C8-4BCD-B98A-927C7C35D120}"
EndProject
Project("{9A19103F-16F7-4668-BE54-9A1E7A4F7556}") = "CompanyEmployeesAPI", "CompanyEmployeesAPI\CompanyEmployeesAPI.csproj", "{98FEC658-EA98-4F61-8640-48535389DE1B}"
EndProject
Project("{9A19103F-16F7-4668-BE54-9A1E7A4F7556}") = "WeatherAPI", "WeatherAPI\WeatherAPI.csproj", "{895D739A-C9BF-485D-B846-94E0DB145D91}"
EndProject
Project("{FAE04EC0-301F-11D3-BF4B-00C04F79EFBC}") = "Repository", "Repository\Repository.csproj", "{71292F14-C26B-4431-8819-E5762FCEAC34}"
EndProject
Global
	GlobalSection(SolutionConfigurationPlatforms) = preSolution
		Debug|Any CPU = Debug|Any CPU
		Release|Any CPU = Release|Any CPU
	EndGlobalSection
	GlobalSection(ProjectConfigurationPlatforms) = postSolution
		{CE76A1F5-96C8-4BCD-B98A-927C7C35D120}.Debug|Any CPU.ActiveCfg = Debug|Any CPU
		{CE76A1F5-96C8-4BCD-B98A-927C7C35D120}.Debug|Any CPU.Build.0 = Debug|Any CPU
		{CE76A1F5-96C8-4BCD-B98A-927C7C35D120}.Release|Any CPU.ActiveCfg = Release|Any CPU
		{CE76A1F5-96C8-4BCD-B98A-927C7C35D120}.Release|Any CPU.Build.0 = Release|Any CPU
		{98FEC658-EA98-4F61-8640-48535389DE1B}.Debug|Any CPU.ActiveCfg = Debug|Any CPU
		{98FEC658-EA98-4F61-8640-48535389DE1B}.Debug|Any CPU.Build.0 = Debug|Any CPU
		{98FEC658-EA98-4F61-8640-48535389DE1B}.Release|Any CPU.ActiveCfg = Release|Any CPU
		{98FEC658-EA98-4F61-8640-48535389DE1B}.Release|Any CPU.Build.0 = Release|Any CPU
		{895D739A-C9BF-485D-B846-94E0DB145D91}.Debug|Any CPU.ActiveCfg = Debug|Any CPU
		{895D739A-C9BF-485D-B846-94E0DB145D91}.Debug|Any CPU.Build.0 = Debug|Any CPU
		{895D739A-C9BF-485D-B846-94E0DB145D91}.Release|Any CPU.ActiveCfg = Release|Any CPU
		{895D739A-C9BF-485D-B846-94E0DB145D91}.Release|Any CPU.Build.0 = Release|Any CPU
		{71292F14-C26B-4431-8819-E5762FCEAC34}.Debug|Any CPU.ActiveCfg = Debug|Any CPU
		{71292F14-C26B-4431-8819-E5762FCEAC34}.Debug|Any CPU.Build.0 = Debug|Any CPU
		{71292F14-C26B-4431-8819-E5762FCEAC34}.Release|Any CPU.ActiveCfg = Release|Any CPU
		{71292F14-C26B-4431-8819-E5762FCEAC34}.Release|Any CPU.Build.0 = Release|Any CPU
	EndGlobalSection
	GlobalSection(SolutionProperties) = preSolution
		HideSolutionNode = FALSE
	EndGlobalSection
	GlobalSection(ExtensibilityGlobals) = postSolution
		SolutionGuid = {FD935BB2-BE97-4DA3-AB01-D7B71DAFA678}
	EndGlobalSection
EndGlobal
